
Microsoft Visual Studio Solution File, Format Version 12.00
# Visual Studio Version 17
VisualStudioVersion = 17.6.33829.357
MinimumVisualStudioVersion = 10.0.40219.1
Project("{FAE04EC0-301F-11D3-BF4B-00C04F79EFBC}") = "Ripmuz", "Ripmuz\Ripmuz.csproj", "{1A34CC00-B0FA-45E4-ACA4-263AD69E4660}"
EndProject
Project("{54435603-DBB4-11D2-8724-00A0C9A8B90C}") = "RipmuzSetup", "RipmuzSetup\RipmuzSetup\RipmuzSetup.vdproj", "{842B0BC7-D1BB-443F-86C7-A598F3BC6637}"
EndProject
Global
	GlobalSection(SolutionConfigurationPlatforms) = preSolution
		All|Any CPU = All|Any CPU
		All|x86 = All|x86
		Debug|Any CPU = Debug|Any CPU
		Debug|x86 = Debug|x86
		Release|Any CPU = Release|Any CPU
		Release|x86 = Release|x86
	EndGlobalSection
	GlobalSection(ProjectConfigurationPlatforms) = postSolution
		{1A34CC00-B0FA-45E4-ACA4-263AD69E4660}.All|Any CPU.ActiveCfg = Release|Any CPU
		{1A34CC00-B0FA-45E4-ACA4-263AD69E4660}.All|Any CPU.Build.0 = Release|Any CPU
		{1A34CC00-B0FA-45E4-ACA4-263AD69E4660}.All|x86.ActiveCfg = Release|Any CPU
		{1A34CC00-B0FA-45E4-ACA4-263AD69E4660}.All|x86.Build.0 = Release|Any CPU
		{1A34CC00-B0FA-45E4-ACA4-263AD69E4660}.Debug|Any CPU.ActiveCfg = Debug|Any CPU
		{1A34CC00-B0FA-45E4-ACA4-263AD69E4660}.Debug|Any CPU.Build.0 = Debug|Any CPU
		{1A34CC00-B0FA-45E4-ACA4-263AD69E4660}.Debug|x86.ActiveCfg = Debug|Any CPU
		{1A34CC00-B0FA-45E4-ACA4-263AD69E4660}.Debug|x86.Build.0 = Debug|Any CPU
		{1A34CC00-B0FA-45E4-ACA4-263AD69E4660}.Release|Any CPU.ActiveCfg = Release|Any CPU
		{1A34CC00-B0FA-45E4-ACA4-263AD69E4660}.Release|Any CPU.Build.0 = Release|Any CPU
		{1A34CC00-B0FA-45E4-ACA4-263AD69E4660}.Release|x86.ActiveCfg = Release|Any CPU
		{1A34CC00-B0FA-45E4-ACA4-263AD69E4660}.Release|x86.Build.0 = Release|Any CPU
		{842B0BC7-D1BB-443F-86C7-A598F3BC6637}.All|Any CPU.ActiveCfg = Debug
		{842B0BC7-D1BB-443F-86C7-A598F3BC6637}.All|x86.ActiveCfg = Debug
		{842B0BC7-D1BB-443F-86C7-A598F3BC6637}.Debug|Any CPU.ActiveCfg = Debug
		{842B0BC7-D1BB-443F-86C7-A598F3BC6637}.Debug|x86.ActiveCfg = Debug
		{842B0BC7-D1BB-443F-86C7-A598F3BC6637}.Release|Any CPU.ActiveCfg = Release
		{842B0BC7-D1BB-443F-86C7-A598F3BC6637}.Release|x86.ActiveCfg = Release
	EndGlobalSection
	GlobalSection(SolutionProperties) = preSolution
		HideSolutionNode = FALSE
	EndGlobalSection
	GlobalSection(ExtensibilityGlobals) = postSolution
		SolutionGuid = {F83D5C27-594A-4268-817E-F6DDE560A82D}
	EndGlobalSection
EndGlobal
